{"1.2.0",
[{<<"esqlite">>,{pkg,<<"esqlite">>,<<"0.9.0">>},0},
 {<<"getopt">>,{pkg,<<"getopt">>,<<"1.0.3">>},0},
 {<<"mysql">>,{pkg,<<"mysql">>,<<"1.9.0">>},0}]}.
[
{pkg_hash,[
 {<<"esqlite">>, <<"23960E182234D0300F946066C6FA9F3E06951ABF2FD36E07F1FD18F40B8624E0">>},
 {<<"getopt">>, <<"4F3320C1F6F26B2BEC0F6C6446B943EB927A1E6428EA279A1C6C534906EE79F1">>},
 {<<"mysql">>, <<"3BAD7F35107E141989B0B4FAB47C9E73626BC5FEF38EDF8CCFDA5EC3EFA83B30">>}]},
{pkg_hash_ext,[
 {<<"esqlite">>, <<"CCF72258A4EE152EC7AD92AA9A03552EB6CA1B06B65C93AD5B6E55C302E05855">>},
 {<<"getopt">>, <<"7E01DE90AC540F21494FF72792B1E3162D399966EBBFC674B4CE52CB8F49324F">>},
 {<<"mysql">>, <<"186D7E6DF9CAD33BD9F8F61856F45F2F1962F80B645F163DA744F66C626DA63E">>}]}
].
